
Microsoft Visual Studio Solution File, Format Version 12.00
# Visual Studio 15
VisualStudioVersion = 15.0.28307.421
MinimumVisualStudioVersion = 10.0.40219.1
Project("{FAE04EC0-301F-11D3-BF4B-00C04F79EFBC}") = "WebApplication1", "WebApplication1\WebApplication1.csproj", "{AE9BC220-2F2B-430F-9E52-CC8CE720104A}"
EndProject
Global
	GlobalSection(SolutionConfigurationPlatforms) = preSolution
		Debug|Any CPU = Debug|Any CPU
		Release|Any CPU = Release|Any CPU
	EndGlobalSection
	GlobalSection(ProjectConfigurationPlatforms) = postSolution
		{AE9BC220-2F2B-430F-9E52-CC8CE720104A}.Debug|Any CPU.ActiveCfg = Debug|Any CPU
		{AE9BC220-2F2B-430F-9E52-CC8CE720104A}.Debug|Any CPU.Build.0 = Debug|Any CPU
		{AE9BC220-2F2B-430F-9E52-CC8CE720104A}.Release|Any CPU.ActiveCfg = Release|Any CPU
		{AE9BC220-2F2B-430F-9E52-CC8CE720104A}.Release|Any CPU.Build.0 = Release|Any CPU
	EndGlobalSection
	GlobalSection(SolutionProperties) = preSolution
		HideSolutionNode = FALSE
	EndGlobalSection
	GlobalSection(ExtensibilityGlobals) = postSolution
		SolutionGuid = {AA88DABD-D69F-49F8-8A9C-6614AF344478}
	EndGlobalSection
EndGlobal
